
Microsoft Visual Studio Solution File, Format Version 12.00
# Visual Studio Version 17
VisualStudioVersion = 17.4.33110.190
MinimumVisualStudioVersion = 10.0.40219.1
Project("{2150E333-8FDC-42A3-9474-1A3956D46DE8}") = "444._ref.web", "444._ref.web", "{41475FE3-3122-47E2-93F4-8E23E77B7692}"
EndProject
Project("{2150E333-8FDC-42A3-9474-1A3956D46DE8}") = "700._web", "700._web", "{0A06E683-1424-4847-94DC-DF6F0919B4C0}"
EndProject
Project("{2150E333-8FDC-42A3-9474-1A3956D46DE8}") = "111._ref", "111._ref", "{32B4ACAF-5C70-4C5D-88A8-2157DF0D8A69}"
EndProject
Project("{2150E333-8FDC-42A3-9474-1A3956D46DE8}") = "NewFolder1", "NewFolder1", "{0F5356FA-3B48-419E-BA95-71F8BE03C2AF}"
EndProject
Project("{2150E333-8FDC-42A3-9474-1A3956D46DE8}") = "333.ref", "333.ref", "{5688FE92-6238-401D-9DEF-46C0AF96C295}"
EndProject
Project("{2150E333-8FDC-42A3-9474-1A3956D46DE8}") = "666.dll", "666.dll", "{60D39638-848C-4207-9A0F-49557EBE0AAA}"
EndProject
Project("{FAE04EC0-301F-11D3-BF4B-00C04F79EFBC}") = "nilnul._task_._LIB_", "..\_LIB_\nilnul._task_._LIB_.csproj", "{6A659E43-DB3A-43E7-B071-697B6FA07975}"
EndProject
Project("{FAE04EC0-301F-11D3-BF4B-00C04F79EFBC}") = "nilnul._task_._WEB_", "nilnul._task_._WEB_.csproj", "{E0BFA89E-2F96-4228-BFA9-AC16C44AF703}"
EndProject
Project("{FAE04EC0-301F-11D3-BF4B-00C04F79EFBC}") = "nilnul._task_._LINQ_", "..\_LINQ_\nilnul._task_._LINQ_.csproj", "{9CA81D3C-F974-4745-84B4-784AD631F649}"
EndProject
Global
	GlobalSection(SolutionConfigurationPlatforms) = preSolution
		_Temp|Any CPU = _Temp|Any CPU
		_Temp|Mixed Platforms = _Temp|Mixed Platforms
		_Temp|x86 = _Temp|x86
		Debug|Any CPU = Debug|Any CPU
		Debug|Mixed Platforms = Debug|Mixed Platforms
		Debug|x86 = Debug|x86
		debug2pub|Any CPU = debug2pub|Any CPU
		debug2pub|Mixed Platforms = debug2pub|Mixed Platforms
		debug2pub|x86 = debug2pub|x86
		hbue__deptS_ccpOrg___release|Any CPU = hbue__deptS_ccpOrg___release|Any CPU
		hbue__deptS_ccpOrg___release|Mixed Platforms = hbue__deptS_ccpOrg___release|Mixed Platforms
		hbue__deptS_ccpOrg___release|x86 = hbue__deptS_ccpOrg___release|x86
		hbue__deptS_ccpOrg|Any CPU = hbue__deptS_ccpOrg|Any CPU
		hbue__deptS_ccpOrg|Mixed Platforms = hbue__deptS_ccpOrg|Mixed Platforms
		hbue__deptS_ccpOrg|x86 = hbue__deptS_ccpOrg|x86
		PreferChinese|Any CPU = PreferChinese|Any CPU
		PreferChinese|Mixed Platforms = PreferChinese|Mixed Platforms
		PreferChinese|x86 = PreferChinese|x86
		Release_PreferChinese|Any CPU = Release_PreferChinese|Any CPU
		Release_PreferChinese|Mixed Platforms = Release_PreferChinese|Mixed Platforms
		Release_PreferChinese|x86 = Release_PreferChinese|x86
		Release|Any CPU = Release|Any CPU
		Release|Mixed Platforms = Release|Mixed Platforms
		Release|x86 = Release|x86
		Sym2nuget|Any CPU = Sym2nuget|Any CPU
		Sym2nuget|Mixed Platforms = Sym2nuget|Mixed Platforms
		Sym2nuget|x86 = Sym2nuget|x86
		Symbol|Any CPU = Symbol|Any CPU
		Symbol|Mixed Platforms = Symbol|Mixed Platforms
		Symbol|x86 = Symbol|x86
		Symbols4Debug|Any CPU = Symbols4Debug|Any CPU
		Symbols4Debug|Mixed Platforms = Symbols4Debug|Mixed Platforms
		Symbols4Debug|x86 = Symbols4Debug|x86
		test_release|Any CPU = test_release|Any CPU
		test_release|Mixed Platforms = test_release|Mixed Platforms
		test_release|x86 = test_release|x86
	EndGlobalSection
	GlobalSection(ProjectConfigurationPlatforms) = postSolution
		{6A659E43-DB3A-43E7-B071-697B6FA07975}._Temp|Any CPU.ActiveCfg = Debug|Any CPU
		{6A659E43-DB3A-43E7-B071-697B6FA07975}._Temp|Any CPU.Build.0 = Debug|Any CPU
		{6A659E43-DB3A-43E7-B071-697B6FA07975}._Temp|Mixed Platforms.ActiveCfg = Debug|Any CPU
		{6A659E43-DB3A-43E7-B071-697B6FA07975}._Temp|Mixed Platforms.Build.0 = Debug|Any CPU
		{6A659E43-DB3A-43E7-B071-697B6FA07975}._Temp|x86.ActiveCfg = Debug|Any CPU
		{6A659E43-DB3A-43E7-B071-697B6FA07975}._Temp|x86.Build.0 = Debug|Any CPU
		{6A659E43-DB3A-43E7-B071-697B6FA07975}.Debug|Any CPU.ActiveCfg = Debug|Any CPU
		{6A659E43-DB3A-43E7-B071-697B6FA07975}.Debug|Any CPU.Build.0 = Debug|Any CPU
		{6A659E43-DB3A-43E7-B071-697B6FA07975}.Debug|Mixed Platforms.ActiveCfg = Debug|Any CPU
		{6A659E43-DB3A-43E7-B071-697B6FA07975}.Debug|Mixed Platforms.Build.0 = Debug|Any CPU
		{6A659E43-DB3A-43E7-B071-697B6FA07975}.Debug|x86.ActiveCfg = Debug|Any CPU
		{6A659E43-DB3A-43E7-B071-697B6FA07975}.Debug|x86.Build.0 = Debug|Any CPU
		{6A659E43-DB3A-43E7-B071-697B6FA07975}.debug2pub|Any CPU.ActiveCfg = Debug|Any CPU
		{6A659E43-DB3A-43E7-B071-697B6FA07975}.debug2pub|Any CPU.Build.0 = Debug|Any CPU
		{6A659E43-DB3A-43E7-B071-697B6FA07975}.debug2pub|Mixed Platforms.ActiveCfg = Debug|Any CPU
		{6A659E43-DB3A-43E7-B071-697B6FA07975}.debug2pub|Mixed Platforms.Build.0 = Debug|Any CPU
		{6A659E43-DB3A-43E7-B071-697B6FA07975}.debug2pub|x86.ActiveCfg = Debug|Any CPU
		{6A659E43-DB3A-43E7-B071-697B6FA07975}.debug2pub|x86.Build.0 = Debug|Any CPU
		{6A659E43-DB3A-43E7-B071-697B6FA07975}.hbue__deptS_ccpOrg___release|Any CPU.ActiveCfg = Debug|Any CPU
		{6A659E43-DB3A-43E7-B071-697B6FA07975}.hbue__deptS_ccpOrg___release|Any CPU.Build.0 = Debug|Any CPU
		{6A659E43-DB3A-43E7-B071-697B6FA07975}.hbue__deptS_ccpOrg___release|Mixed Platforms.ActiveCfg = Debug|Any CPU
		{6A659E43-DB3A-43E7-B071-697B6FA07975}.hbue__deptS_ccpOrg___release|Mixed Platforms.Build.0 = Debug|Any CPU
		{6A659E43-DB3A-43E7-B071-697B6FA07975}.hbue__deptS_ccpOrg___release|x86.ActiveCfg = Debug|Any CPU
		{6A659E43-DB3A-43E7-B071-697B6FA07975}.hbue__deptS_ccpOrg___release|x86.Build.0 = Debug|Any CPU
		{6A659E43-DB3A-43E7-B071-697B6FA07975}.hbue__deptS_ccpOrg|Any CPU.ActiveCfg = Debug|Any CPU
		{6A659E43-DB3A-43E7-B071-697B6FA07975}.hbue__deptS_ccpOrg|Any CPU.Build.0 = Debug|Any CPU
		{6A659E43-DB3A-43E7-B071-697B6FA07975}.hbue__deptS_ccpOrg|Mixed Platforms.ActiveCfg = Debug|Any CPU
		{6A659E43-DB3A-43E7-B071-697B6FA07975}.hbue__deptS_ccpOrg|Mixed Platforms.Build.0 = Debug|Any CPU
		{6A659E43-DB3A-43E7-B071-697B6FA07975}.hbue__deptS_ccpOrg|x86.ActiveCfg = Debug|Any CPU
		{6A659E43-DB3A-43E7-B071-697B6FA07975}.hbue__deptS_ccpOrg|x86.Build.0 = Debug|Any CPU
		{6A659E43-DB3A-43E7-B071-697B6FA07975}.PreferChinese|Any CPU.ActiveCfg = Debug|Any CPU
		{6A659E43-DB3A-43E7-B071-697B6FA07975}.PreferChinese|Any CPU.Build.0 = Debug|Any CPU
		{6A659E43-DB3A-43E7-B071-697B6FA07975}.PreferChinese|Mixed Platforms.ActiveCfg = Debug|Any CPU
		{6A659E43-DB3A-43E7-B071-697B6FA07975}.PreferChinese|Mixed Platforms.Build.0 = Debug|Any CPU
		{6A659E43-DB3A-43E7-B071-697B6FA07975}.PreferChinese|x86.ActiveCfg = Debug|Any CPU
		{6A659E43-DB3A-43E7-B071-697B6FA07975}.PreferChinese|x86.Build.0 = Debug|Any CPU
		{6A659E43-DB3A-43E7-B071-697B6FA07975}.Release_PreferChinese|Any CPU.ActiveCfg = Release|Any CPU
		{6A659E43-DB3A-43E7-B071-697B6FA07975}.Release_PreferChinese|Any CPU.Build.0 = Release|Any CPU
		{6A659E43-DB3A-43E7-B071-697B6FA07975}.Release_PreferChinese|Mixed Platforms.ActiveCfg = Release|Any CPU
		{6A659E43-DB3A-43E7-B071-697B6FA07975}.Release_PreferChinese|Mixed Platforms.Build.0 = Release|Any CPU
		{6A659E43-DB3A-43E7-B071-697B6FA07975}.Release_PreferChinese|x86.ActiveCfg = Release|Any CPU
		{6A659E43-DB3A-43E7-B071-697B6FA07975}.Release_PreferChinese|x86.Build.0 = Release|Any CPU
		{6A659E43-DB3A-43E7-B071-697B6FA07975}.Release|Any CPU.ActiveCfg = Release|Any CPU
		{6A659E43-DB3A-43E7-B071-697B6FA07975}.Release|Any CPU.Build.0 = Release|Any CPU
		{6A659E43-DB3A-43E7-B071-697B6FA07975}.Release|Mixed Platforms.ActiveCfg = Release|Any CPU
		{6A659E43-DB3A-43E7-B071-697B6FA07975}.Release|Mixed Platforms.Build.0 = Release|Any CPU
		{6A659E43-DB3A-43E7-B071-697B6FA07975}.Release|x86.ActiveCfg = Release|Any CPU
		{6A659E43-DB3A-43E7-B071-697B6FA07975}.Release|x86.Build.0 = Release|Any CPU
		{6A659E43-DB3A-43E7-B071-697B6FA07975}.Sym2nuget|Any CPU.ActiveCfg = Sym2nuget|Any CPU
		{6A659E43-DB3A-43E7-B071-697B6FA07975}.Sym2nuget|Any CPU.Build.0 = Sym2nuget|Any CPU
		{6A659E43-DB3A-43E7-B071-697B6FA07975}.Sym2nuget|Mixed Platforms.ActiveCfg = Sym2nuget|Any CPU
		{6A659E43-DB3A-43E7-B071-697B6FA07975}.Sym2nuget|Mixed Platforms.Build.0 = Sym2nuget|Any CPU
		{6A659E43-DB3A-43E7-B071-697B6FA07975}.Sym2nuget|x86.ActiveCfg = Sym2nuget|Any CPU
		{6A659E43-DB3A-43E7-B071-697B6FA07975}.Sym2nuget|x86.Build.0 = Sym2nuget|Any CPU
		{6A659E43-DB3A-43E7-B071-697B6FA07975}.Symbol|Any CPU.ActiveCfg = Symbol|Any CPU
		{6A659E43-DB3A-43E7-B071-697B6FA07975}.Symbol|Any CPU.Build.0 = Symbol|Any CPU
		{6A659E43-DB3A-43E7-B071-697B6FA07975}.Symbol|Mixed Platforms.ActiveCfg = Symbol|Any CPU
		{6A659E43-DB3A-43E7-B071-697B6FA07975}.Symbol|Mixed Platforms.Build.0 = Symbol|Any CPU
		{6A659E43-DB3A-43E7-B071-697B6FA07975}.Symbol|x86.ActiveCfg = Symbol|Any CPU
		{6A659E43-DB3A-43E7-B071-697B6FA07975}.Symbol|x86.Build.0 = Symbol|Any CPU
		{6A659E43-DB3A-43E7-B071-697B6FA07975}.Symbols4Debug|Any CPU.ActiveCfg = Symbols4Debug|Any CPU
		{6A659E43-DB3A-43E7-B071-697B6FA07975}.Symbols4Debug|Any CPU.Build.0 = Symbols4Debug|Any CPU
		{6A659E43-DB3A-43E7-B071-697B6FA07975}.Symbols4Debug|Mixed Platforms.ActiveCfg = Symbols4Debug|Any CPU
		{6A659E43-DB3A-43E7-B071-697B6FA07975}.Symbols4Debug|Mixed Platforms.Build.0 = Symbols4Debug|Any CPU
		{6A659E43-DB3A-43E7-B071-697B6FA07975}.Symbols4Debug|x86.ActiveCfg = Symbols4Debug|Any CPU
		{6A659E43-DB3A-43E7-B071-697B6FA07975}.Symbols4Debug|x86.Build.0 = Symbols4Debug|Any CPU
		{6A659E43-DB3A-43E7-B071-697B6FA07975}.test_release|Any CPU.ActiveCfg = Debug|Any CPU
		{6A659E43-DB3A-43E7-B071-697B6FA07975}.test_release|Any CPU.Build.0 = Debug|Any CPU
		{6A659E43-DB3A-43E7-B071-697B6FA07975}.test_release|Mixed Platforms.ActiveCfg = Debug|Any CPU
		{6A659E43-DB3A-43E7-B071-697B6FA07975}.test_release|Mixed Platforms.Build.0 = Debug|Any CPU
		{6A659E43-DB3A-43E7-B071-697B6FA07975}.test_release|x86.ActiveCfg = Debug|Any CPU
		{6A659E43-DB3A-43E7-B071-697B6FA07975}.test_release|x86.Build.0 = Debug|Any CPU
		{E0BFA89E-2F96-4228-BFA9-AC16C44AF703}._Temp|Any CPU.ActiveCfg = Debug|Any CPU
		{E0BFA89E-2F96-4228-BFA9-AC16C44AF703}._Temp|Any CPU.Build.0 = Debug|Any CPU
		{E0BFA89E-2F96-4228-BFA9-AC16C44AF703}._Temp|Mixed Platforms.ActiveCfg = Debug|Any CPU
		{E0BFA89E-2F96-4228-BFA9-AC16C44AF703}._Temp|Mixed Platforms.Build.0 = Debug|Any CPU
		{E0BFA89E-2F96-4228-BFA9-AC16C44AF703}._Temp|x86.ActiveCfg = Debug|Any CPU
		{E0BFA89E-2F96-4228-BFA9-AC16C44AF703}._Temp|x86.Build.0 = Debug|Any CPU
		{E0BFA89E-2F96-4228-BFA9-AC16C44AF703}.Debug|Any CPU.ActiveCfg = Debug|Any CPU
		{E0BFA89E-2F96-4228-BFA9-AC16C44AF703}.Debug|Any CPU.Build.0 = Debug|Any CPU
		{E0BFA89E-2F96-4228-BFA9-AC16C44AF703}.Debug|Mixed Platforms.ActiveCfg = Debug|Any CPU
		{E0BFA89E-2F96-4228-BFA9-AC16C44AF703}.Debug|Mixed Platforms.Build.0 = Debug|Any CPU
		{E0BFA89E-2F96-4228-BFA9-AC16C44AF703}.Debug|x86.ActiveCfg = Debug|Any CPU
		{E0BFA89E-2F96-4228-BFA9-AC16C44AF703}.Debug|x86.Build.0 = Debug|Any CPU
		{E0BFA89E-2F96-4228-BFA9-AC16C44AF703}.debug2pub|Any CPU.ActiveCfg = Debug|Any CPU
		{E0BFA89E-2F96-4228-BFA9-AC16C44AF703}.debug2pub|Any CPU.Build.0 = Debug|Any CPU
		{E0BFA89E-2F96-4228-BFA9-AC16C44AF703}.debug2pub|Mixed Platforms.ActiveCfg = Debug|Any CPU
		{E0BFA89E-2F96-4228-BFA9-AC16C44AF703}.debug2pub|Mixed Platforms.Build.0 = Debug|Any CPU
		{E0BFA89E-2F96-4228-BFA9-AC16C44AF703}.debug2pub|x86.ActiveCfg = Debug|Any CPU
		{E0BFA89E-2F96-4228-BFA9-AC16C44AF703}.debug2pub|x86.Build.0 = Debug|Any CPU
		{E0BFA89E-2F96-4228-BFA9-AC16C44AF703}.hbue__deptS_ccpOrg___release|Any CPU.ActiveCfg = Debug|Any CPU
		{E0BFA89E-2F96-4228-BFA9-AC16C44AF703}.hbue__deptS_ccpOrg___release|Any CPU.Build.0 = Debug|Any CPU
		{E0BFA89E-2F96-4228-BFA9-AC16C44AF703}.hbue__deptS_ccpOrg___release|Mixed Platforms.ActiveCfg = Debug|Any CPU
		{E0BFA89E-2F96-4228-BFA9-AC16C44AF703}.hbue__deptS_ccpOrg___release|Mixed Platforms.Build.0 = Debug|Any CPU
		{E0BFA89E-2F96-4228-BFA9-AC16C44AF703}.hbue__deptS_ccpOrg___release|x86.ActiveCfg = Debug|Any CPU
		{E0BFA89E-2F96-4228-BFA9-AC16C44AF703}.hbue__deptS_ccpOrg___release|x86.Build.0 = Debug|Any CPU
		{E0BFA89E-2F96-4228-BFA9-AC16C44AF703}.hbue__deptS_ccpOrg|Any CPU.ActiveCfg = Debug|Any CPU
		{E0BFA89E-2F96-4228-BFA9-AC16C44AF703}.hbue__deptS_ccpOrg|Any CPU.Build.0 = Debug|Any CPU
		{E0BFA89E-2F96-4228-BFA9-AC16C44AF703}.hbue__deptS_ccpOrg|Mixed Platforms.ActiveCfg = Debug|Any CPU
		{E0BFA89E-2F96-4228-BFA9-AC16C44AF703}.hbue__deptS_ccpOrg|Mixed Platforms.Build.0 = Debug|Any CPU
		{E0BFA89E-2F96-4228-BFA9-AC16C44AF703}.hbue__deptS_ccpOrg|x86.ActiveCfg = Debug|Any CPU
		{E0BFA89E-2F96-4228-BFA9-AC16C44AF703}.hbue__deptS_ccpOrg|x86.Build.0 = Debug|Any CPU
		{E0BFA89E-2F96-4228-BFA9-AC16C44AF703}.PreferChinese|Any CPU.ActiveCfg = Debug|Any CPU
		{E0BFA89E-2F96-4228-BFA9-AC16C44AF703}.PreferChinese|Any CPU.Build.0 = Debug|Any CPU
		{E0BFA89E-2F96-4228-BFA9-AC16C44AF703}.PreferChinese|Mixed Platforms.ActiveCfg = Debug|Any CPU
		{E0BFA89E-2F96-4228-BFA9-AC16C44AF703}.PreferChinese|Mixed Platforms.Build.0 = Debug|Any CPU
		{E0BFA89E-2F96-4228-BFA9-AC16C44AF703}.PreferChinese|x86.ActiveCfg = Debug|Any CPU
		{E0BFA89E-2F96-4228-BFA9-AC16C44AF703}.PreferChinese|x86.Build.0 = Debug|Any CPU
		{E0BFA89E-2F96-4228-BFA9-AC16C44AF703}.Release_PreferChinese|Any CPU.ActiveCfg = Release|Any CPU
		{E0BFA89E-2F96-4228-BFA9-AC16C44AF703}.Release_PreferChinese|Any CPU.Build.0 = Release|Any CPU
		{E0BFA89E-2F96-4228-BFA9-AC16C44AF703}.Release_PreferChinese|Mixed Platforms.ActiveCfg = Release|Any CPU
		{E0BFA89E-2F96-4228-BFA9-AC16C44AF703}.Release_PreferChinese|Mixed Platforms.Build.0 = Release|Any CPU
		{E0BFA89E-2F96-4228-BFA9-AC16C44AF703}.Release_PreferChinese|x86.ActiveCfg = Release|Any CPU
		{E0BFA89E-2F96-4228-BFA9-AC16C44AF703}.Release_PreferChinese|x86.Build.0 = Release|Any CPU
		{E0BFA89E-2F96-4228-BFA9-AC16C44AF703}.Release|Any CPU.ActiveCfg = Release|Any CPU
		{E0BFA89E-2F96-4228-BFA9-AC16C44AF703}.Release|Any CPU.Build.0 = Release|Any CPU
		{E0BFA89E-2F96-4228-BFA9-AC16C44AF703}.Release|Mixed Platforms.ActiveCfg = Release|Any CPU
		{E0BFA89E-2F96-4228-BFA9-AC16C44AF703}.Release|Mixed Platforms.Build.0 = Release|Any CPU
		{E0BFA89E-2F96-4228-BFA9-AC16C44AF703}.Release|x86.ActiveCfg = Release|Any CPU
		{E0BFA89E-2F96-4228-BFA9-AC16C44AF703}.Release|x86.Build.0 = Release|Any CPU
		{E0BFA89E-2F96-4228-BFA9-AC16C44AF703}.Sym2nuget|Any CPU.ActiveCfg = Sym2nuget|Any CPU
		{E0BFA89E-2F96-4228-BFA9-AC16C44AF703}.Sym2nuget|Any CPU.Build.0 = Sym2nuget|Any CPU
		{E0BFA89E-2F96-4228-BFA9-AC16C44AF703}.Sym2nuget|Mixed Platforms.ActiveCfg = Sym2nuget|Any CPU
		{E0BFA89E-2F96-4228-BFA9-AC16C44AF703}.Sym2nuget|Mixed Platforms.Build.0 = Sym2nuget|Any CPU
		{E0BFA89E-2F96-4228-BFA9-AC16C44AF703}.Sym2nuget|x86.ActiveCfg = Sym2nuget|Any CPU
		{E0BFA89E-2F96-4228-BFA9-AC16C44AF703}.Sym2nuget|x86.Build.0 = Sym2nuget|Any CPU
		{E0BFA89E-2F96-4228-BFA9-AC16C44AF703}.Symbol|Any CPU.ActiveCfg = Debug|Any CPU
		{E0BFA89E-2F96-4228-BFA9-AC16C44AF703}.Symbol|Any CPU.Build.0 = Debug|Any CPU
		{E0BFA89E-2F96-4228-BFA9-AC16C44AF703}.Symbol|Mixed Platforms.ActiveCfg = Debug|Any CPU
		{E0BFA89E-2F96-4228-BFA9-AC16C44AF703}.Symbol|Mixed Platforms.Build.0 = Debug|Any CPU
		{E0BFA89E-2F96-4228-BFA9-AC16C44AF703}.Symbol|x86.ActiveCfg = Debug|Any CPU
		{E0BFA89E-2F96-4228-BFA9-AC16C44AF703}.Symbol|x86.Build.0 = Debug|Any CPU
		{E0BFA89E-2F96-4228-BFA9-AC16C44AF703}.Symbols4Debug|Any CPU.ActiveCfg = Debug|Any CPU
		{E0BFA89E-2F96-4228-BFA9-AC16C44AF703}.Symbols4Debug|Any CPU.Build.0 = Debug|Any CPU
		{E0BFA89E-2F96-4228-BFA9-AC16C44AF703}.Symbols4Debug|Mixed Platforms.ActiveCfg = Debug|Any CPU
		{E0BFA89E-2F96-4228-BFA9-AC16C44AF703}.Symbols4Debug|Mixed Platforms.Build.0 = Debug|Any CPU
		{E0BFA89E-2F96-4228-BFA9-AC16C44AF703}.Symbols4Debug|x86.ActiveCfg = Debug|Any CPU
		{E0BFA89E-2F96-4228-BFA9-AC16C44AF703}.Symbols4Debug|x86.Build.0 = Debug|Any CPU
		{E0BFA89E-2F96-4228-BFA9-AC16C44AF703}.test_release|Any CPU.ActiveCfg = Debug|Any CPU
		{E0BFA89E-2F96-4228-BFA9-AC16C44AF703}.test_release|Any CPU.Build.0 = Debug|Any CPU
		{E0BFA89E-2F96-4228-BFA9-AC16C44AF703}.test_release|Mixed Platforms.ActiveCfg = Debug|Any CPU
		{E0BFA89E-2F96-4228-BFA9-AC16C44AF703}.test_release|Mixed Platforms.Build.0 = Debug|Any CPU
		{E0BFA89E-2F96-4228-BFA9-AC16C44AF703}.test_release|x86.ActiveCfg = Debug|Any CPU
		{E0BFA89E-2F96-4228-BFA9-AC16C44AF703}.test_release|x86.Build.0 = Debug|Any CPU
		{9CA81D3C-F974-4745-84B4-784AD631F649}._Temp|Any CPU.ActiveCfg = Debug|Any CPU
		{9CA81D3C-F974-4745-84B4-784AD631F649}._Temp|Any CPU.Build.0 = Debug|Any CPU
		{9CA81D3C-F974-4745-84B4-784AD631F649}._Temp|Mixed Platforms.ActiveCfg = Debug|Any CPU
		{9CA81D3C-F974-4745-84B4-784AD631F649}._Temp|Mixed Platforms.Build.0 = Debug|Any CPU
		{9CA81D3C-F974-4745-84B4-784AD631F649}._Temp|x86.ActiveCfg = Debug|Any CPU
		{9CA81D3C-F974-4745-84B4-784AD631F649}._Temp|x86.Build.0 = Debug|Any CPU
		{9CA81D3C-F974-4745-84B4-784AD631F649}.Debug|Any CPU.ActiveCfg = Debug|Any CPU
		{9CA81D3C-F974-4745-84B4-784AD631F649}.Debug|Any CPU.Build.0 = Debug|Any CPU
		{9CA81D3C-F974-4745-84B4-784AD631F649}.Debug|Mixed Platforms.ActiveCfg = Debug|Any CPU
		{9CA81D3C-F974-4745-84B4-784AD631F649}.Debug|Mixed Platforms.Build.0 = Debug|Any CPU
		{9CA81D3C-F974-4745-84B4-784AD631F649}.Debug|x86.ActiveCfg = Debug|Any CPU
		{9CA81D3C-F974-4745-84B4-784AD631F649}.Debug|x86.Build.0 = Debug|Any CPU
		{9CA81D3C-F974-4745-84B4-784AD631F649}.debug2pub|Any CPU.ActiveCfg = Debug|Any CPU
		{9CA81D3C-F974-4745-84B4-784AD631F649}.debug2pub|Any CPU.Build.0 = Debug|Any CPU
		{9CA81D3C-F974-4745-84B4-784AD631F649}.debug2pub|Mixed Platforms.ActiveCfg = Debug|Any CPU
		{9CA81D3C-F974-4745-84B4-784AD631F649}.debug2pub|Mixed Platforms.Build.0 = Debug|Any CPU
		{9CA81D3C-F974-4745-84B4-784AD631F649}.debug2pub|x86.ActiveCfg = Debug|Any CPU
		{9CA81D3C-F974-4745-84B4-784AD631F649}.debug2pub|x86.Build.0 = Debug|Any CPU
		{9CA81D3C-F974-4745-84B4-784AD631F649}.hbue__deptS_ccpOrg___release|Any CPU.ActiveCfg = Debug|Any CPU
		{9CA81D3C-F974-4745-84B4-784AD631F649}.hbue__deptS_ccpOrg___release|Any CPU.Build.0 = Debug|Any CPU
		{9CA81D3C-F974-4745-84B4-784AD631F649}.hbue__deptS_ccpOrg___release|Mixed Platforms.ActiveCfg = Debug|Any CPU
		{9CA81D3C-F974-4745-84B4-784AD631F649}.hbue__deptS_ccpOrg___release|Mixed Platforms.Build.0 = Debug|Any CPU
		{9CA81D3C-F974-4745-84B4-784AD631F649}.hbue__deptS_ccpOrg___release|x86.ActiveCfg = Debug|Any CPU
		{9CA81D3C-F974-4745-84B4-784AD631F649}.hbue__deptS_ccpOrg___release|x86.Build.0 = Debug|Any CPU
		{9CA81D3C-F974-4745-84B4-784AD631F649}.hbue__deptS_ccpOrg|Any CPU.ActiveCfg = Debug|Any CPU
		{9CA81D3C-F974-4745-84B4-784AD631F649}.hbue__deptS_ccpOrg|Any CPU.Build.0 = Debug|Any CPU
		{9CA81D3C-F974-4745-84B4-784AD631F649}.hbue__deptS_ccpOrg|Mixed Platforms.ActiveCfg = Debug|Any CPU
		{9CA81D3C-F974-4745-84B4-784AD631F649}.hbue__deptS_ccpOrg|Mixed Platforms.Build.0 = Debug|Any CPU
		{9CA81D3C-F974-4745-84B4-784AD631F649}.hbue__deptS_ccpOrg|x86.ActiveCfg = Debug|Any CPU
		{9CA81D3C-F974-4745-84B4-784AD631F649}.hbue__deptS_ccpOrg|x86.Build.0 = Debug|Any CPU
		{9CA81D3C-F974-4745-84B4-784AD631F649}.PreferChinese|Any CPU.ActiveCfg = Debug|Any CPU
		{9CA81D3C-F974-4745-84B4-784AD631F649}.PreferChinese|Any CPU.Build.0 = Debug|Any CPU
		{9CA81D3C-F974-4745-84B4-784AD631F649}.PreferChinese|Mixed Platforms.ActiveCfg = Debug|Any CPU
		{9CA81D3C-F974-4745-84B4-784AD631F649}.PreferChinese|Mixed Platforms.Build.0 = Debug|Any CPU
		{9CA81D3C-F974-4745-84B4-784AD631F649}.PreferChinese|x86.ActiveCfg = Debug|Any CPU
		{9CA81D3C-F974-4745-84B4-784AD631F649}.PreferChinese|x86.Build.0 = Debug|Any CPU
		{9CA81D3C-F974-4745-84B4-784AD631F649}.Release_PreferChinese|Any CPU.ActiveCfg = Release|Any CPU
		{9CA81D3C-F974-4745-84B4-784AD631F649}.Release_PreferChinese|Any CPU.Build.0 = Release|Any CPU
		{9CA81D3C-F974-4745-84B4-784AD631F649}.Release_PreferChinese|Mixed Platforms.ActiveCfg = Release|Any CPU
		{9CA81D3C-F974-4745-84B4-784AD631F649}.Release_PreferChinese|Mixed Platforms.Build.0 = Release|Any CPU
		{9CA81D3C-F974-4745-84B4-784AD631F649}.Release_PreferChinese|x86.ActiveCfg = Release|Any CPU
		{9CA81D3C-F974-4745-84B4-784AD631F649}.Release_PreferChinese|x86.Build.0 = Release|Any CPU
		{9CA81D3C-F974-4745-84B4-784AD631F649}.Release|Any CPU.ActiveCfg = Release|Any CPU
		{9CA81D3C-F974-4745-84B4-784AD631F649}.Release|Any CPU.Build.0 = Release|Any CPU
		{9CA81D3C-F974-4745-84B4-784AD631F649}.Release|Mixed Platforms.ActiveCfg = Release|Any CPU
		{9CA81D3C-F974-4745-84B4-784AD631F649}.Release|Mixed Platforms.Build.0 = Release|Any CPU
		{9CA81D3C-F974-4745-84B4-784AD631F649}.Release|x86.ActiveCfg = Release|Any CPU
		{9CA81D3C-F974-4745-84B4-784AD631F649}.Release|x86.Build.0 = Release|Any CPU
		{9CA81D3C-F974-4745-84B4-784AD631F649}.Sym2nuget|Any CPU.ActiveCfg = Sym2nuget|Any CPU
		{9CA81D3C-F974-4745-84B4-784AD631F649}.Sym2nuget|Any CPU.Build.0 = Sym2nuget|Any CPU
		{9CA81D3C-F974-4745-84B4-784AD631F649}.Sym2nuget|Mixed Platforms.ActiveCfg = Sym2nuget|Any CPU
		{9CA81D3C-F974-4745-84B4-784AD631F649}.Sym2nuget|Mixed Platforms.Build.0 = Sym2nuget|Any CPU
		{9CA81D3C-F974-4745-84B4-784AD631F649}.Sym2nuget|x86.ActiveCfg = Sym2nuget|Any CPU
		{9CA81D3C-F974-4745-84B4-784AD631F649}.Sym2nuget|x86.Build.0 = Sym2nuget|Any CPU
		{9CA81D3C-F974-4745-84B4-784AD631F649}.Symbol|Any CPU.ActiveCfg = Debug|Any CPU
		{9CA81D3C-F974-4745-84B4-784AD631F649}.Symbol|Any CPU.Build.0 = Debug|Any CPU
		{9CA81D3C-F974-4745-84B4-784AD631F649}.Symbol|Mixed Platforms.ActiveCfg = Debug|Any CPU
		{9CA81D3C-F974-4745-84B4-784AD631F649}.Symbol|Mixed Platforms.Build.0 = Debug|Any CPU
		{9CA81D3C-F974-4745-84B4-784AD631F649}.Symbol|x86.ActiveCfg = Debug|Any CPU
		{9CA81D3C-F974-4745-84B4-784AD631F649}.Symbol|x86.Build.0 = Debug|Any CPU
		{9CA81D3C-F974-4745-84B4-784AD631F649}.Symbols4Debug|Any CPU.ActiveCfg = Debug|Any CPU
		{9CA81D3C-F974-4745-84B4-784AD631F649}.Symbols4Debug|Any CPU.Build.0 = Debug|Any CPU
		{9CA81D3C-F974-4745-84B4-784AD631F649}.Symbols4Debug|Mixed Platforms.ActiveCfg = Debug|Any CPU
		{9CA81D3C-F974-4745-84B4-784AD631F649}.Symbols4Debug|Mixed Platforms.Build.0 = Debug|Any CPU
		{9CA81D3C-F974-4745-84B4-784AD631F649}.Symbols4Debug|x86.ActiveCfg = Debug|Any CPU
		{9CA81D3C-F974-4745-84B4-784AD631F649}.Symbols4Debug|x86.Build.0 = Debug|Any CPU
		{9CA81D3C-F974-4745-84B4-784AD631F649}.test_release|Any CPU.ActiveCfg = Debug|Any CPU
		{9CA81D3C-F974-4745-84B4-784AD631F649}.test_release|Any CPU.Build.0 = Debug|Any CPU
		{9CA81D3C-F974-4745-84B4-784AD631F649}.test_release|Mixed Platforms.ActiveCfg = Debug|Any CPU
		{9CA81D3C-F974-4745-84B4-784AD631F649}.test_release|Mixed Platforms.Build.0 = Debug|Any CPU
		{9CA81D3C-F974-4745-84B4-784AD631F649}.test_release|x86.ActiveCfg = Debug|Any CPU
		{9CA81D3C-F974-4745-84B4-784AD631F649}.test_release|x86.Build.0 = Debug|Any CPU
	EndGlobalSection
	GlobalSection(SolutionProperties) = preSolution
		HideSolutionNode = FALSE
	EndGlobalSection
	GlobalSection(NestedProjects) = preSolution
		{0A06E683-1424-4847-94DC-DF6F0919B4C0} = {41475FE3-3122-47E2-93F4-8E23E77B7692}
		{0F5356FA-3B48-419E-BA95-71F8BE03C2AF} = {32B4ACAF-5C70-4C5D-88A8-2157DF0D8A69}
		{5688FE92-6238-401D-9DEF-46C0AF96C295} = {32B4ACAF-5C70-4C5D-88A8-2157DF0D8A69}
		{60D39638-848C-4207-9A0F-49557EBE0AAA} = {32B4ACAF-5C70-4C5D-88A8-2157DF0D8A69}
		{6A659E43-DB3A-43E7-B071-697B6FA07975} = {41475FE3-3122-47E2-93F4-8E23E77B7692}
		{9CA81D3C-F974-4745-84B4-784AD631F649} = {0A06E683-1424-4847-94DC-DF6F0919B4C0}
	EndGlobalSection
	GlobalSection(ExtensibilityGlobals) = postSolution
		SolutionGuid = {B7298F99-7E16-4BC3-B12D-A2E5119D0111}
	EndGlobalSection
	GlobalSection(TestCaseManagementSettings) = postSolution
		CategoryFile = ..\..\msn@mesh\develop(120409)\projs\nilnul.net.login\nilnul.net.login.vsmdi
	EndGlobalSection
	GlobalSection(TestCaseManagementSettings) = postSolution
		CategoryFile = ..\..\msn@mesh\develop(120409)\projs\nilnul.net.login\nilnul.net.login.vsmdi
	EndGlobalSection
	GlobalSection(TestCaseManagementSettings) = postSolution
		CategoryFile = ..\..\nilnul.num.rational\nilnul.num.rational.vsmdi
	EndGlobalSection
	GlobalSection(TestCaseManagementSettings) = postSolution
		CategoryFile = ..\..\nilnul.num.rational\nilnul.num.rational.vsmdi
	EndGlobalSection
	GlobalSection(TestCaseManagementSettings) = postSolution
		CategoryFile = ..\..\nilnul.num.rational\nilnul.num.rational.vsmdi
	EndGlobalSection
	GlobalSection(TestCaseManagementSettings) = postSolution
		CategoryFile = ..\..\nilnul.num.rational\nilnul.num.rational.vsmdi
	EndGlobalSection
	GlobalSection(TestCaseManagementSettings) = postSolution
		CategoryFile = ..\..\nilnul.num.rational\nilnul.num.rational.vsmdi
	EndGlobalSection
	GlobalSection(TestCaseManagementSettings) = postSolution
		CategoryFile = ..\..\nilnul.num.rational\nilnul.num.rational.vsmdi
	EndGlobalSection
	GlobalSection(TestCaseManagementSettings) = postSolution
		CategoryFile = ..\..\nilnul.num.rational\nilnul.num.rational.vsmdi
	EndGlobalSection
	GlobalSection(TestCaseManagementSettings) = postSolution
		CategoryFile = ..\..\nilnul.num.rational\nilnul.num.rational.vsmdi
	EndGlobalSection
	GlobalSection(TestCaseManagementSettings) = postSolution
		CategoryFile = ..\..\nilnul.num.rational\nilnul.num.rational.vsmdi
	EndGlobalSection
	GlobalSection(TestCaseManagementSettings) = postSolution
		CategoryFile = ..\..\nilnul.num.rational\nilnul.num.rational.vsmdi
	EndGlobalSection
	GlobalSection(TestCaseManagementSettings) = postSolution
		CategoryFile = ..\..\nilnul.num.rational\nilnul.num.rational.vsmdi
	EndGlobalSection
	GlobalSection(TestCaseManagementSettings) = postSolution
		CategoryFile = ..\..\nilnul.num.rational\nilnul.num.rational.vsmdi
	EndGlobalSection
	GlobalSection(TestCaseManagementSettings) = postSolution
		CategoryFile = ..\..\nilnul.num.rational\nilnul.num.rational.vsmdi
	EndGlobalSection
	GlobalSection(TestCaseManagementSettings) = postSolution
		CategoryFile = ..\..\nilnul.num.rational\nilnul.num.rational.vsmdi
	EndGlobalSection
	GlobalSection(TestCaseManagementSettings) = postSolution
		CategoryFile = ..\..\nilnul.num.rational\nilnul.num.rational.vsmdi
	EndGlobalSection
	GlobalSection(TestCaseManagementSettings) = postSolution
		CategoryFile = ..\..\nilnul.num.rational\nilnul.num.rational.vsmdi
	EndGlobalSection
	GlobalSection(TestCaseManagementSettings) = postSolution
		CategoryFile = ..\..\nilnul.num.rational\nilnul.num.rational.vsmdi
	EndGlobalSection
	GlobalSection(TestCaseManagementSettings) = postSolution
		CategoryFile = ..\..\nilnul.num.rational\nilnul.num.rational.vsmdi
	EndGlobalSection
	GlobalSection(TestCaseManagementSettings) = postSolution
		CategoryFile = ..\..\nilnul.num.rational\nilnul.num.rational.vsmdi
	EndGlobalSection
	GlobalSection(TestCaseManagementSettings) = postSolution
		CategoryFile = ..\..\nilnul.num.rational\nilnul.num.rational.vsmdi
	EndGlobalSection
	GlobalSection(TestCaseManagementSettings) = postSolution
		CategoryFile = ..\..\nilnul.num.rational\nilnul.num.rational.vsmdi
	EndGlobalSection
	GlobalSection(TestCaseManagementSettings) = postSolution
		CategoryFile = ..\..\nilnul.num.rational\nilnul.num.rational.vsmdi
	EndGlobalSection
	GlobalSection(TestCaseManagementSettings) = postSolution
		CategoryFile = ..\..\nilnul.num.rational\nilnul.num.rational.vsmdi
	EndGlobalSection
	GlobalSection(TestCaseManagementSettings) = postSolution
		CategoryFile = ..\..\nilnul.num.rational\nilnul.num.rational.vsmdi
	EndGlobalSection
	GlobalSection(TestCaseManagementSettings) = postSolution
		CategoryFile = ..\..\nilnul.num.rational\nilnul.num.rational.vsmdi
	EndGlobalSection
	GlobalSection(TestCaseManagementSettings) = postSolution
		CategoryFile = ..\..\nilnul.num.rational\nilnul.num.rational.vsmdi
	EndGlobalSection
	GlobalSection(TestCaseManagementSettings) = postSolution
		CategoryFile = ..\..\nilnul.num.rational\nilnul.num.rational.vsmdi
	EndGlobalSection
	GlobalSection(TestCaseManagementSettings) = postSolution
		CategoryFile = ..\..\nilnul.num.rational\nilnul.num.rational.vsmdi
	EndGlobalSection
	GlobalSection(TestCaseManagementSettings) = postSolution
		CategoryFile = ..\..\nilnul.num.rational\nilnul.num.rational.vsmdi
	EndGlobalSection
	GlobalSection(TestCaseManagementSettings) = postSolution
		CategoryFile = ..\..\nilnul.num.rational\nilnul.num.rational.vsmdi
	EndGlobalSection
	GlobalSection(TestCaseManagementSettings) = postSolution
		CategoryFile = ..\..\nilnul.num.rational\nilnul.num.rational.vsmdi
	EndGlobalSection
	GlobalSection(TestCaseManagementSettings) = postSolution
		CategoryFile = ..\..\nilnul.num.rational\nilnul.num.rational.vsmdi
	EndGlobalSection
	GlobalSection(TestCaseManagementSettings) = postSolution
		CategoryFile = ..\..\nilnul.num.rational\nilnul.num.rational.vsmdi
	EndGlobalSection
	GlobalSection(TestCaseManagementSettings) = postSolution
		CategoryFile = ..\..\nilnul.num.rational\nilnul.num.rational.vsmdi
	EndGlobalSection
	GlobalSection(TestCaseManagementSettings) = postSolution
		CategoryFile = ..\..\nilnul.num.rational\nilnul.num.rational.vsmdi
	EndGlobalSection
	GlobalSection(TestCaseManagementSettings) = postSolution
		CategoryFile = ..\..\nilnul.num.rational\nilnul.num.rational.vsmdi
	EndGlobalSection
	GlobalSection(TestCaseManagementSettings) = postSolution
		CategoryFile = ..\..\nilnul.num.rational\nilnul.num.rational.vsmdi
	EndGlobalSection
	GlobalSection(TestCaseManagementSettings) = postSolution
		CategoryFile = ..\..\nilnul.num.rational\nilnul.num.rational.vsmdi
	EndGlobalSection
	GlobalSection(TestCaseManagementSettings) = postSolution
		CategoryFile = ..\..\nilnul.num.rational\nilnul.num.rational.vsmdi
	EndGlobalSection
	GlobalSection(TestCaseManagementSettings) = postSolution
		CategoryFile = ..\..\nilnul.num.rational\nilnul.num.rational.vsmdi
	EndGlobalSection
	GlobalSection(TestCaseManagementSettings) = postSolution
		CategoryFile = ..\..\nilnul.num.rational\nilnul.num.rational.vsmdi
	EndGlobalSection
	GlobalSection(TestCaseManagementSettings) = postSolution
		CategoryFile = ..\..\nilnul.num.rational\nilnul.num.rational.vsmdi
	EndGlobalSection
	GlobalSection(TestCaseManagementSettings) = postSolution
		CategoryFile = ..\..\nilnul.num.rational\nilnul.num.rational.vsmdi
	EndGlobalSection
	GlobalSection(TestCaseManagementSettings) = postSolution
		CategoryFile = ..\..\nilnul.num.rational\nilnul.num.rational.vsmdi
	EndGlobalSection
	GlobalSection(TestCaseManagementSettings) = postSolution
		CategoryFile = ..\..\nilnul.num.rational\nilnul.num.rational.vsmdi
	EndGlobalSection
	GlobalSection(TestCaseManagementSettings) = postSolution
		CategoryFile = ..\..\nilnul.num.rational\nilnul.num.rational.vsmdi
	EndGlobalSection
	GlobalSection(TestCaseManagementSettings) = postSolution
		CategoryFile = ..\..\nilnul.num.rational\nilnul.num.rational.vsmdi
	EndGlobalSection
	GlobalSection(TestCaseManagementSettings) = postSolution
		CategoryFile = ..\..\nilnul.num.rational\nilnul.num.rational.vsmdi
	EndGlobalSection
	GlobalSection(TestCaseManagementSettings) = postSolution
		CategoryFile = ..\..\nilnul.num.rational\nilnul.num.rational.vsmdi
	EndGlobalSection
	GlobalSection(TestCaseManagementSettings) = postSolution
		CategoryFile = ..\..\nilnul.num.rational\nilnul.num.rational.vsmdi
	EndGlobalSection
	GlobalSection(TestCaseManagementSettings) = postSolution
		CategoryFile = ..\..\nilnul.num.rational\nilnul.num.rational.vsmdi
	EndGlobalSection
	GlobalSection(TestCaseManagementSettings) = postSolution
		CategoryFile = ..\..\nilnul.num.rational\nilnul.num.rational.vsmdi
	EndGlobalSection
	GlobalSection(TestCaseManagementSettings) = postSolution
		CategoryFile = ..\..\nilnul.num.rational\nilnul.num.rational.vsmdi
	EndGlobalSection
	GlobalSection(TestCaseManagementSettings) = postSolution
		CategoryFile = ..\..\nilnul.num.rational\nilnul.num.rational.vsmdi
	EndGlobalSection
	GlobalSection(TestCaseManagementSettings) = postSolution
		CategoryFile = ..\..\nilnul.num.rational\nilnul.num.rational.vsmdi
	EndGlobalSection
	GlobalSection(TestCaseManagementSettings) = postSolution
		CategoryFile = ..\..\nilnul.num.rational\nilnul.num.rational.vsmdi
	EndGlobalSection
	GlobalSection(TestCaseManagementSettings) = postSolution
		CategoryFile = ..\..\nilnul.num.rational\nilnul.num.rational.vsmdi
	EndGlobalSection
	GlobalSection(TestCaseManagementSettings) = postSolution
		CategoryFile = ..\..\nilnul.num.rational\nilnul.num.rational.vsmdi
	EndGlobalSection
	GlobalSection(TestCaseManagementSettings) = postSolution
		CategoryFile = ..\..\nilnul.num.rational\nilnul.num.rational.vsmdi
	EndGlobalSection
	GlobalSection(TestCaseManagementSettings) = postSolution
		CategoryFile = ..\..\nilnul.num.rational\nilnul.num.rational.vsmdi
	EndGlobalSection
	GlobalSection(TestCaseManagementSettings) = postSolution
		CategoryFile = ..\..\nilnul.num.rational\nilnul.num.rational.vsmdi
	EndGlobalSection
	GlobalSection(TestCaseManagementSettings) = postSolution
		CategoryFile = ..\..\nilnul.num.rational\nilnul.num.rational.vsmdi
	EndGlobalSection
	GlobalSection(TestCaseManagementSettings) = postSolution
		CategoryFile = ..\..\nilnul.num.rational\nilnul.num.rational.vsmdi
	EndGlobalSection
	GlobalSection(TestCaseManagementSettings) = postSolution
		CategoryFile = ..\..\nilnul.num.rational\nilnul.num.rational.vsmdi
	EndGlobalSection
	GlobalSection(TestCaseManagementSettings) = postSolution
		CategoryFile = ..\..\nilnul.num.rational\nilnul.num.rational.vsmdi
	EndGlobalSection
	GlobalSection(TestCaseManagementSettings) = postSolution
		CategoryFile = ..\..\nilnul.num.rational\nilnul.num.rational.vsmdi
	EndGlobalSection
	GlobalSection(TestCaseManagementSettings) = postSolution
		CategoryFile = ..\..\nilnul.num.rational\nilnul.num.rational.vsmdi
	EndGlobalSection
	GlobalSection(TestCaseManagementSettings) = postSolution
		CategoryFile = ..\..\nilnul.num.rational\nilnul.num.rational.vsmdi
	EndGlobalSection
	GlobalSection(TestCaseManagementSettings) = postSolution
		CategoryFile = ..\..\nilnul.num.rational\nilnul.num.rational.vsmdi
	EndGlobalSection
	GlobalSection(TestCaseManagementSettings) = postSolution
		CategoryFile = ..\..\nilnul.num.rational\nilnul.num.rational.vsmdi
	EndGlobalSection
	GlobalSection(TestCaseManagementSettings) = postSolution
		CategoryFile = ..\..\nilnul.num.rational\nilnul.num.rational.vsmdi
	EndGlobalSection
	GlobalSection(TestCaseManagementSettings) = postSolution
		CategoryFile = ..\..\nilnul.num.rational\nilnul.num.rational.vsmdi
	EndGlobalSection
	GlobalSection(TestCaseManagementSettings) = postSolution
		CategoryFile = ..\..\nilnul.num.rational\nilnul.num.rational.vsmdi
	EndGlobalSection
	GlobalSection(TestCaseManagementSettings) = postSolution
		CategoryFile = ..\..\nilnul.num.rational\nilnul.num.rational.vsmdi
	EndGlobalSection
	GlobalSection(TestCaseManagementSettings) = postSolution
		CategoryFile = ..\..\nilnul.num.rational\nilnul.num.rational.vsmdi
	EndGlobalSection
	GlobalSection(TestCaseManagementSettings) = postSolution
		CategoryFile = ..\..\nilnul.num.rational\nilnul.num.rational.vsmdi
	EndGlobalSection
	GlobalSection(TestCaseManagementSettings) = postSolution
		CategoryFile = ..\..\nilnul.num.rational\nilnul.num.rational.vsmdi
	EndGlobalSection
	GlobalSection(TestCaseManagementSettings) = postSolution
		CategoryFile = ..\..\nilnul.num.rational\nilnul.num.rational.vsmdi
	EndGlobalSection
	GlobalSection(TestCaseManagementSettings) = postSolution
		CategoryFile = ..\..\nilnul.num.rational\nilnul.num.rational.vsmdi
	EndGlobalSection
	GlobalSection(TestCaseManagementSettings) = postSolution
		CategoryFile = ..\..\nilnul.num.rational\nilnul.num.rational.vsmdi
	EndGlobalSection
	GlobalSection(TestCaseManagementSettings) = postSolution
		CategoryFile = ..\..\nilnul.num.rational\nilnul.num.rational.vsmdi
	EndGlobalSection
	GlobalSection(TestCaseManagementSettings) = postSolution
		CategoryFile = ..\..\nilnul.num.rational\nilnul.num.rational.vsmdi
	EndGlobalSection
	GlobalSection(TestCaseManagementSettings) = postSolution
		CategoryFile = ..\..\msn@mesh\develop(120409)\projs\nilnul.net.login\nilnul.net.login.vsmdi
	EndGlobalSection
	GlobalSection(TestCaseManagementSettings) = postSolution
		CategoryFile = ..\..\msn@mesh\develop(120409)\projs\nilnul.net.login\nilnul.net.login.vsmdi
	EndGlobalSection
EndGlobal
